
Microsoft Visual Studio Solution File, Format Version 12.00
# Visual Studio Version 18
VisualStudioVersion = 18.4.11605.240
MinimumVisualStudioVersion = 10.0.40219.1
Project("{FAE04EC0-301F-11D3-BF4B-00C04F79EFBC}") = "WacomSignaturePdf", "WacomSignaturePdf.csproj", "{08EE2C87-1041-4310-A0C3-B42276FF2679}"
EndProject
Project("{FAE04EC0-301F-11D3-BF4B-00C04F79EFBC}") = "WacomDebugRunner", "WacomDebugRunner\WacomDebugRunner.csproj", "{07C7C2BF-116C-40EC-87E0-6C5CB949F589}"
EndProject
Global
	GlobalSection(SolutionConfigurationPlatforms) = preSolution
		Debug|Any CPU = Debug|Any CPU
		Debug|x86 = Debug|x86
		Release|Any CPU = Release|Any CPU
		Release|x86 = Release|x86
	EndGlobalSection
	GlobalSection(ProjectConfigurationPlatforms) = postSolution
		{08EE2C87-1041-4310-A0C3-B42276FF2679}.Debug|Any CPU.ActiveCfg = Release|Any CPU
		{08EE2C87-1041-4310-A0C3-B42276FF2679}.Debug|Any CPU.Build.0 = Release|Any CPU
		{08EE2C87-1041-4310-A0C3-B42276FF2679}.Debug|x86.ActiveCfg = Release|x86
		{08EE2C87-1041-4310-A0C3-B42276FF2679}.Debug|x86.Build.0 = Release|x86
		{08EE2C87-1041-4310-A0C3-B42276FF2679}.Release|Any CPU.ActiveCfg = Release|Any CPU
		{08EE2C87-1041-4310-A0C3-B42276FF2679}.Release|Any CPU.Build.0 = Release|Any CPU
		{08EE2C87-1041-4310-A0C3-B42276FF2679}.Release|x86.ActiveCfg = Release|x86
		{08EE2C87-1041-4310-A0C3-B42276FF2679}.Release|x86.Build.0 = Release|x86
		{07C7C2BF-116C-40EC-87E0-6C5CB949F589}.Debug|Any CPU.ActiveCfg = Debug|Any CPU
		{07C7C2BF-116C-40EC-87E0-6C5CB949F589}.Debug|Any CPU.Build.0 = Debug|Any CPU
		{07C7C2BF-116C-40EC-87E0-6C5CB949F589}.Debug|x86.ActiveCfg = Debug|Any CPU
		{07C7C2BF-116C-40EC-87E0-6C5CB949F589}.Debug|x86.Build.0 = Debug|Any CPU
		{07C7C2BF-116C-40EC-87E0-6C5CB949F589}.Release|Any CPU.ActiveCfg = Release|Any CPU
		{07C7C2BF-116C-40EC-87E0-6C5CB949F589}.Release|Any CPU.Build.0 = Release|Any CPU
		{07C7C2BF-116C-40EC-87E0-6C5CB949F589}.Release|x86.ActiveCfg = Release|Any CPU
		{07C7C2BF-116C-40EC-87E0-6C5CB949F589}.Release|x86.Build.0 = Release|Any CPU
	EndGlobalSection
	GlobalSection(SolutionProperties) = preSolution
		HideSolutionNode = FALSE
	EndGlobalSection
	GlobalSection(ExtensibilityGlobals) = postSolution
		SolutionGuid = {23A0B8A6-FE93-4835-B513-719CC3200BDF}
	EndGlobalSection
EndGlobal
